// !$*UTF8*$!
{
	archiveVersion = 1;
	classes = {
	};
	objectVersion = 77;
	objects = {

/* Begin PBXBuildFile section */
		813ADE652D3FCF6F0076A9A9 /* FirebaseAnalytics in Frameworks */ = {isa = PBXBuildFile; productRef = 813ADE642D3FCF6F0076A9A9 /* FirebaseAnalytics */; };
		813ADE672D3FCF6F0076A9A9 /* FirebaseAnalyticsWithoutAdIdSupport in Frameworks */ = {isa = PBXBuildFile; productRef = 813ADE662D3FCF6F0076A9A9 /* FirebaseAnalyticsWithoutAdIdSupport */; };
		813ADEB22D3FDC5D0076A9A9 /* SuperwallKit in Frameworks */ = {isa = PBXBuildFile; productRef = 813ADEB12D3FDC5D0076A9A9 /* SuperwallKit */; };
		813ADEFB2D3FE2610076A9A9 /* RevenueCat in Frameworks */ = {isa = PBXBuildFile; productRef = 813ADEFA2D3FE2610076A9A9 /* RevenueCat */; };
		813ADEFD2D3FE2610076A9A9 /* RevenueCatUI in Frameworks */ = {isa = PBXBuildFile; productRef = 813ADEFC2D3FE2610076A9A9 /* RevenueCatUI */; };
		979F9387308D711B232AFE3C /* Pods_MotivAI.framework in Frameworks */ = {isa = PBXBuildFile; fileRef = 93D60CF07A341E421CC61EC6 /* Pods_MotivAI.framework */; };
/* End PBXBuildFile section */

/* Begin PBXFileReference section */
		675FA18C6873A5155E877B66 /* Pods-MotivAI.debug.xcconfig */ = {isa = PBXFileReference; includeInIndex = 1; lastKnownFileType = text.xcconfig; name = "Pods-MotivAI.debug.xcconfig"; path = "Target Support Files/Pods-MotivAI/Pods-MotivAI.debug.xcconfig"; sourceTree = "<group>"; };
		81DABBDE2D37A90400D762CE /* MotivAI.app */ = {isa = PBXFileReference; explicitFileType = wrapper.application; includeInIndex = 0; path = MotivAI.app; sourceTree = BUILT_PRODUCTS_DIR; };
		93D60CF07A341E421CC61EC6 /* Pods_MotivAI.framework */ = {isa = PBXFileReference; explicitFileType = wrapper.framework; includeInIndex = 0; path = Pods_MotivAI.framework; sourceTree = BUILT_PRODUCTS_DIR; };
		AD9BE4290DEE07790220E158 /* Pods-MotivAI.release.xcconfig */ = {isa = PBXFileReference; includeInIndex = 1; lastKnownFileType = text.xcconfig; name = "Pods-MotivAI.release.xcconfig"; path = "Target Support Files/Pods-MotivAI/Pods-MotivAI.release.xcconfig"; sourceTree = "<group>"; };
/* End PBXFileReference section */

/* Begin PBXFileSystemSynchronizedBuildFileExceptionSet section */
		81DABD3A2D37C7A700D762CE /* Exceptions for "MotivAI" folder in "MotivAI" target */ = {
			isa = PBXFileSystemSynchronizedBuildFileExceptionSet;
			membershipExceptions = (
				Info.plist,
			);
			target = 81DABBDD2D37A90400D762CE /* MotivAI */;
		};
/* End PBXFileSystemSynchronizedBuildFileExceptionSet section */

/* Begin PBXFileSystemSynchronizedRootGroup section */
		81DABBE02D37A90400D762CE /* MotivAI */ = {
			isa = PBXFileSystemSynchronizedRootGroup;
			exceptions = (
				81DABD3A2D37C7A700D762CE /* Exceptions for "MotivAI" folder in "MotivAI" target */,
			);
			path = MotivAI;
			sourceTree = "<group>";
		};
/* End PBXFileSystemSynchronizedRootGroup section */

/* Begin PBXFrameworksBuildPhase section */
		81DABBDB2D37A90400D762CE /* Frameworks */ = {
			isa = PBXFrameworksBuildPhase;
			buildActionMask = 2147483647;
			files = (
				813ADEFB2D3FE2610076A9A9 /* RevenueCat in Frameworks */,
				813ADE652D3FCF6F0076A9A9 /* FirebaseAnalytics in Frameworks */,
				813ADE672D3FCF6F0076A9A9 /* FirebaseAnalyticsWithoutAdIdSupport in Frameworks */,
				813ADEFD2D3FE2610076A9A9 /* RevenueCatUI in Frameworks */,
				813ADEB22D3FDC5D0076A9A9 /* SuperwallKit in Frameworks */,
				979F9387308D711B232AFE3C /* Pods_MotivAI.framework in Frameworks */,
			);
			runOnlyForDeploymentPostprocessing = 0;
		};
/* End PBXFrameworksBuildPhase section */

/* Begin PBXGroup section */
		2443A8A1995264FCAD435F8A /* Pods */ = {
			isa = PBXGroup;
			children = (
				675FA18C6873A5155E877B66 /* Pods-MotivAI.debug.xcconfig */,
				AD9BE4290DEE07790220E158 /* Pods-MotivAI.release.xcconfig */,
			);
			path = Pods;
			sourceTree = "<group>";
		};
		3937C19B65FE2348DB9EFA07 /* Frameworks */ = {
			isa = PBXGroup;
			children = (
				93D60CF07A341E421CC61EC6 /* Pods_MotivAI.framework */,
			);
			name = Frameworks;
			sourceTree = "<group>";
		};
		81DABBD52D37A90400D762CE = {
			isa = PBXGroup;
			children = (
				81DABBE02D37A90400D762CE /* MotivAI */,
				81DABBDF2D37A90400D762CE /* Products */,
				2443A8A1995264FCAD435F8A /* Pods */,
				3937C19B65FE2348DB9EFA07 /* Frameworks */,
			);
			sourceTree = "<group>";
		};
		81DABBDF2D37A90400D762CE /* Products */ = {
			isa = PBXGroup;
			children = (
				81DABBDE2D37A90400D762CE /* MotivAI.app */,
			);
			name = Products;
			sourceTree = "<group>";
		};
/* End PBXGroup section */

/* Begin PBXNativeTarget section */
		81DABBDD2D37A90400D762CE /* MotivAI */ = {
			isa = PBXNativeTarget;
			buildConfigurationList = 81DABBEC2D37A90600D762CE /* Build configuration list for PBXNativeTarget "MotivAI" */;
			buildPhases = (
				F49619BDAA72382169BF84B9 /* [CP] Check Pods Manifest.lock */,
				81DABBDA2D37A90400D762CE /* Sources */,
				81DABBDB2D37A90400D762CE /* Frameworks */,
				81DABBDC2D37A90400D762CE /* Resources */,
			);
			buildRules = (
			);
			dependencies = (
			);
			fileSystemSynchronizedGroups = (
				81DABBE02D37A90400D762CE /* MotivAI */,
			);
			name = MotivAI;
			packageProductDependencies = (
				813ADE642D3FCF6F0076A9A9 /* FirebaseAnalytics */,
				813ADE662D3FCF6F0076A9A9 /* FirebaseAnalyticsWithoutAdIdSupport */,
				813ADEB12D3FDC5D0076A9A9 /* SuperwallKit */,
				813ADEFA2D3FE2610076A9A9 /* RevenueCat */,
				813ADEFC2D3FE2610076A9A9 /* RevenueCatUI */,
			);
			productName = MotivAI;
			productReference = 81DABBDE2D37A90400D762CE /* MotivAI.app */;
			productType = "com.apple.product-type.application";
		};
/* End PBXNativeTarget section */

/* Begin PBXProject section */
		81DABBD62D37A90400D762CE /* Project object */ = {
			isa = PBXProject;
			attributes = {
				BuildIndependentTargetsInParallel = 1;
				LastSwiftUpdateCheck = 1620;
				LastUpgradeCheck = 1620;
				TargetAttributes = {
					81DABBDD2D37A90400D762CE = {
						CreatedOnToolsVersion = 16.2;
					};
				};
			};
			buildConfigurationList = 81DABBD92D37A90400D762CE /* Build configuration list for PBXProject "MotivAI" */;
			developmentRegion = en;
			hasScannedForEncodings = 0;
			knownRegions = (
				en,
				Base,
			);
			mainGroup = 81DABBD52D37A90400D762CE;
			minimizedProjectReferenceProxies = 1;
			packageReferences = (
				813ADE632D3FCF6F0076A9A9 /* XCRemoteSwiftPackageReference "firebase-ios-sdk" */,
				813ADEB02D3FDC5D0076A9A9 /* XCRemoteSwiftPackageReference "Superwall-iOS" */,
				813ADEF92D3FE2610076A9A9 /* XCRemoteSwiftPackageReference "purchases-ios-spm" */,
			);
			preferredProjectObjectVersion = 77;
			productRefGroup = 81DABBDF2D37A90400D762CE /* Products */;
			projectDirPath = "";
			projectRoot = "";
			targets = (
				81DABBDD2D37A90400D762CE /* MotivAI */,
			);
		};
/* End PBXProject section */

/* Begin PBXResourcesBuildPhase section */
		81DABBDC2D37A90400D762CE /* Resources */ = {
			isa = PBXResourcesBuildPhase;
			buildActionMask = 2147483647;
			files = (
			);
			runOnlyForDeploymentPostprocessing = 0;
		};
/* End PBXResourcesBuildPhase section */

/* Begin PBXShellScriptBuildPhase section */
		F49619BDAA72382169BF84B9 /* [CP] Check Pods Manifest.lock */ = {
			isa = PBXShellScriptBuildPhase;
			buildActionMask = 2147483647;
			files = (
			);
			inputFileListPaths = (
			);
			inputPaths = (
				"${PODS_PODFILE_DIR_PATH}/Podfile.lock",
				"${PODS_ROOT}/Manifest.lock",
			);
			name = "[CP] Check Pods Manifest.lock";
			outputFileListPaths = (
			);
			outputPaths = (
				"$(DERIVED_FILE_DIR)/Pods-MotivAI-checkManifestLockResult.txt",
			);
			runOnlyForDeploymentPostprocessing = 0;
			shellPath = /bin/sh;
			shellScript = "diff \"${PODS_PODFILE_DIR_PATH}/Podfile.lock\" \"${PODS_ROOT}/Manifest.lock\" > /dev/null\nif [ $? != 0 ] ; then\n    # print error to STDERR\n    echo \"error: The sandbox is not in sync with the Podfile.lock. Run 'pod install' or update your CocoaPods installation.\" >&2\n    exit 1\nfi\n# This output is used by Xcode 'outputs' to avoid re-running this script phase.\necho \"SUCCESS\" > \"${SCRIPT_OUTPUT_FILE_0}\"\n";
			showEnvVarsInLog = 0;
		};
/* End PBXShellScriptBuildPhase section */

/* Begin PBXSourcesBuildPhase section */
		81DABBDA2D37A90400D762CE /* Sources */ = {
			isa = PBXSourcesBuildPhase;
			buildActionMask = 2147483647;
			files = (
			);
			runOnlyForDeploymentPostprocessing = 0;
		};
/* End PBXSourcesBuildPhase section */

/* Begin XCBuildConfiguration section */
		81DABBEA2D37A90600D762CE /* Debug */ = {
			isa = XCBuildConfiguration;
			buildSettings = {
				ALWAYS_SEARCH_USER_PATHS = NO;
				ASSETCATALOG_COMPILER_GENERATE_SWIFT_ASSET_SYMBOL_EXTENSIONS = YES;
				CLANG_ANALYZER_NONNULL = YES;
				CLANG_ANALYZER_NUMBER_OBJECT_CONVERSION = YES_AGGRESSIVE;
				CLANG_CXX_LANGUAGE_STANDARD = "gnu++20";
				CLANG_ENABLE_MODULES = YES;
				CLANG_ENABLE_OBJC_ARC = YES;
				CLANG_ENABLE_OBJC_WEAK = YES;
				CLANG_WARN_BLOCK_CAPTURE_AUTORELEASING = YES;
				CLANG_WARN_BOOL_CONVERSION = YES;
				CLANG_WARN_COMMA = YES;
				CLANG_WARN_CONSTANT_CONVERSION = YES;
				CLANG_WARN_DEPRECATED_OBJC_IMPLEMENTATIONS = YES;
				CLANG_WARN_DIRECT_OBJC_ISA_USAGE = YES_ERROR;
				CLANG_WARN_DOCUMENTATION_COMMENTS = YES;
				CLANG_WARN_EMPTY_BODY = YES;
				CLANG_WARN_ENUM_CONVERSION = YES;
				CLANG_WARN_INFINITE_RECURSION = YES;
				CLANG_WARN_INT_CONVERSION = YES;
				CLANG_WARN_NON_LITERAL_NULL_CONVERSION = YES;
				CLANG_WARN_OBJC_IMPLICIT_RETAIN_SELF = YES;
				CLANG_WARN_OBJC_LITERAL_CONVERSION = YES;
				CLANG_WARN_OBJC_ROOT_CLASS = YES_ERROR;
				CLANG_WARN_QUOTED_INCLUDE_IN_FRAMEWORK_HEADER = YES;
				CLANG_WARN_RANGE_LOOP_ANALYSIS = YES;
				CLANG_WARN_STRICT_PROTOTYPES = YES;
				CLANG_WARN_SUSPICIOUS_MOVE = YES;
				CLANG_WARN_UNGUARDED_AVAILABILITY = YES_AGGRESSIVE;
				CLANG_WARN_UNREACHABLE_CODE = YES;
				CLANG_WARN__DUPLICATE_METHOD_MATCH = YES;
				COPY_PHASE_STRIP = NO;
				DEBUG_INFORMATION_FORMAT = dwarf;
				ENABLE_STRICT_OBJC_MSGSEND = YES;
				ENABLE_TESTABILITY = YES;
				ENABLE_USER_SCRIPT_SANDBOXING = YES;
				GCC_C_LANGUAGE_STANDARD = gnu17;
				GCC_DYNAMIC_NO_PIC = NO;
				GCC_NO_COMMON_BLOCKS = YES;
				GCC_OPTIMIZATION_LEVEL = 0;
				GCC_PREPROCESSOR_DEFINITIONS = (
					"DEBUG=1",
					"$(inherited)",
				);
				GCC_WARN_64_TO_32_BIT_CONVERSION = YES;
				GCC_WARN_ABOUT_RETURN_TYPE = YES_ERROR;
				GCC_WARN_UNDECLARED_SELECTOR = YES;
				GCC_WARN_UNINITIALIZED_AUTOS = YES_AGGRESSIVE;
				GCC_WARN_UNUSED_FUNCTION = YES;
				GCC_WARN_UNUSED_VARIABLE = YES;
				IPHONEOS_DEPLOYMENT_TARGET = 18.2;
				LOCALIZATION_PREFERS_STRING_CATALOGS = YES;
				MTL_ENABLE_DEBUG_INFO = INCLUDE_SOURCE;
				MTL_FAST_MATH = YES;
				ONLY_ACTIVE_ARCH = YES;
				SDKROOT = iphoneos;
				SWIFT_ACTIVE_COMPILATION_CONDITIONS = "DEBUG $(inherited)";
				SWIFT_OPTIMIZATION_LEVEL = "-Onone";
			};
			name = Debug;
		};
		81DABBEB2D37A90600D762CE /* Release */ = {
			isa = XCBuildConfiguration;
			buildSettings = {
				ALWAYS_SEARCH_USER_PATHS = NO;
				ASSETCATALOG_COMPILER_GENERATE_SWIFT_ASSET_SYMBOL_EXTENSIONS = YES;
				CLANG_ANALYZER_NONNULL = YES;
				CLANG_ANALYZER_NUMBER_OBJECT_CONVERSION = YES_AGGRESSIVE;
				CLANG_CXX_LANGUAGE_STANDARD = "gnu++20";
				CLANG_ENABLE_MODULES = YES;
				CLANG_ENABLE_OBJC_ARC = YES;
				CLANG_ENABLE_OBJC_WEAK = YES;
				CLANG_WARN_BLOCK_CAPTURE_AUTORELEASING = YES;
				CLANG_WARN_BOOL_CONVERSION = YES;
				CLANG_WARN_COMMA = YES;
				CLANG_WARN_CONSTANT_CONVERSION = YES;
				CLANG_WARN_DEPRECATED_OBJC_IMPLEMENTATIONS = YES;
				CLANG_WARN_DIRECT_OBJC_ISA_USAGE = YES_ERROR;
				CLANG_WARN_DOCUMENTATION_COMMENTS = YES;
				CLANG_WARN_EMPTY_BODY = YES;
				CLANG_WARN_ENUM_CONVERSION = YES;
				CLANG_WARN_INFINITE_RECURSION = YES;
				CLANG_WARN_INT_CONVERSION = YES;
				CLANG_WARN_NON_LITERAL_NULL_CONVERSION = YES;
				CLANG_WARN_OBJC_IMPLICIT_RETAIN_SELF = YES;
				CLANG_WARN_OBJC_LITERAL_CONVERSION = YES;
				CLANG_WARN_OBJC_ROOT_CLASS = YES_ERROR;
				CLANG_WARN_QUOTED_INCLUDE_IN_FRAMEWORK_HEADER = YES;
				CLANG_WARN_RANGE_LOOP_ANALYSIS = YES;
				CLANG_WARN_STRICT_PROTOTYPES = YES;
				CLANG_WARN_SUSPICIOUS_MOVE = YES;
				CLANG_WARN_UNGUARDED_AVAILABILITY = YES_AGGRESSIVE;
				CLANG_WARN_UNREACHABLE_CODE = YES;
				CLANG_WARN__DUPLICATE_METHOD_MATCH = YES;
				COPY_PHASE_STRIP = NO;
				DEBUG_INFORMATION_FORMAT = "dwarf-with-dsym";
				ENABLE_NS_ASSERTIONS = NO;
				ENABLE_STRICT_OBJC_MSGSEND = YES;
				ENABLE_USER_SCRIPT_SANDBOXING = YES;
				GCC_C_LANGUAGE_STANDARD = gnu17;
				GCC_NO_COMMON_BLOCKS = YES;
				GCC_WARN_64_TO_32_BIT_CONVERSION = YES;
				GCC_WARN_ABOUT_RETURN_TYPE = YES_ERROR;
				GCC_WARN_UNDECLARED_SELECTOR = YES;
				GCC_WARN_UNINITIALIZED_AUTOS = YES_AGGRESSIVE;
				GCC_WARN_UNUSED_FUNCTION = YES;
				GCC_WARN_UNUSED_VARIABLE = YES;
				IPHONEOS_DEPLOYMENT_TARGET = 18.2;
				LOCALIZATION_PREFERS_STRING_CATALOGS = YES;
				MTL_ENABLE_DEBUG_INFO = NO;
				MTL_FAST_MATH = YES;
				SDKROOT = iphoneos;
				SWIFT_COMPILATION_MODE = wholemodule;
				VALIDATE_PRODUCT = YES;
			};
			name = Release;
		};
		81DABBED2D37A90600D762CE /* Debug */ = {
			isa = XCBuildConfiguration;
			baseConfigurationReference = 675FA18C6873A5155E877B66 /* Pods-MotivAI.debug.xcconfig */;
			buildSettings = {
				ASSETCATALOG_COMPILER_APPICON_NAME = AppIcon;
				ASSETCATALOG_COMPILER_GLOBAL_ACCENT_COLOR_NAME = AccentColor;
				CODE_SIGN_STYLE = Automatic;
				CURRENT_PROJECT_VERSION = 2;
				DEVELOPMENT_ASSET_PATHS = "\"MotivAI/Preview Content\"";
				DEVELOPMENT_TEAM = VGKDATW82L;
				ENABLE_PREVIEWS = YES;
				GENERATE_INFOPLIST_FILE = YES;
				INFOPLIST_FILE = MotivAI/Info.plist;
				INFOPLIST_KEY_CFBundleDisplayName = "Daily Quotes";
				INFOPLIST_KEY_LSApplicationCategoryType = "public.app-category.healthcare-fitness";
				INFOPLIST_KEY_UIApplicationSceneManifest_Generation = YES;
				INFOPLIST_KEY_UIApplicationSupportsIndirectInputEvents = YES;
				INFOPLIST_KEY_UILaunchScreen_Generation = YES;
				INFOPLIST_KEY_UISupportedInterfaceOrientations_iPad = "UIInterfaceOrientationPortrait UIInterfaceOrientationPortraitUpsideDown UIInterfaceOrientationLandscapeLeft UIInterfaceOrientationLandscapeRight";
				INFOPLIST_KEY_UISupportedInterfaceOrientations_iPhone = "UIInterfaceOrientationPortrait UIInterfaceOrientationLandscapeLeft UIInterfaceOrientationLandscapeRight";
				IPHONEOS_DEPLOYMENT_TARGET = 16.0;
				LD_RUNPATH_SEARCH_PATHS = (
					"$(inherited)",
					"@executable_path/Frameworks",
				);
				MARKETING_VERSION = 1.0.1;
				PRODUCT_BUNDLE_IDENTIFIER = com.codbun.motiv.ai;
				PRODUCT_NAME = "$(TARGET_NAME)";
				SWIFT_EMIT_LOC_STRINGS = YES;
				SWIFT_VERSION = 5.0;
				TARGETED_DEVICE_FAMILY = "1,2";
			};
			name = Debug;
		};
		81DABBEE2D37A90600D762CE /* Release */ = {
			isa = XCBuildConfiguration;
			baseConfigurationReference = AD9BE4290DEE07790220E158 /* Pods-MotivAI.release.xcconfig */;
			buildSettings = {
				ASSETCATALOG_COMPILER_APPICON_NAME = AppIcon;
				ASSETCATALOG_COMPILER_GLOBAL_ACCENT_COLOR_NAME = AccentColor;
				CODE_SIGN_STYLE = Automatic;
				CURRENT_PROJECT_VERSION = 2;
				DEVELOPMENT_ASSET_PATHS = "\"MotivAI/Preview Content\"";
				DEVELOPMENT_TEAM = VGKDATW82L;
				ENABLE_PREVIEWS = YES;
				GENERATE_INFOPLIST_FILE = YES;
				INFOPLIST_FILE = MotivAI/Info.plist;
				INFOPLIST_KEY_CFBundleDisplayName = "Daily Quotes";
				INFOPLIST_KEY_LSApplicationCategoryType = "public.app-category.healthcare-fitness";
				INFOPLIST_KEY_UIApplicationSceneManifest_Generation = YES;
				INFOPLIST_KEY_UIApplicationSupportsIndirectInputEvents = YES;
				INFOPLIST_KEY_UILaunchScreen_Generation = YES;
				INFOPLIST_KEY_UISupportedInterfaceOrientations_iPad = "UIInterfaceOrientationPortrait UIInterfaceOrientationPortraitUpsideDown UIInterfaceOrientationLandscapeLeft UIInterfaceOrientationLandscapeRight";
				INFOPLIST_KEY_UISupportedInterfaceOrientations_iPhone = "UIInterfaceOrientationPortrait UIInterfaceOrientationLandscapeLeft UIInterfaceOrientationLandscapeRight";
				IPHONEOS_DEPLOYMENT_TARGET = 16.0;
				LD_RUNPATH_SEARCH_PATHS = (
					"$(inherited)",
					"@executable_path/Frameworks",
				);
				MARKETING_VERSION = 1.0.1;
				PRODUCT_BUNDLE_IDENTIFIER = com.codbun.motiv.ai;
				PRODUCT_NAME = "$(TARGET_NAME)";
				SWIFT_EMIT_LOC_STRINGS = YES;
				SWIFT_VERSION = 5.0;
				TARGETED_DEVICE_FAMILY = "1,2";
			};
			name = Release;
		};
/* End XCBuildConfiguration section */

/* Begin XCConfigurationList section */
		81DABBD92D37A90400D762CE /* Build configuration list for PBXProject "MotivAI" */ = {
			isa = XCConfigurationList;
			buildConfigurations = (
				81DABBEA2D37A90600D762CE /* Debug */,
				81DABBEB2D37A90600D762CE /* Release */,
			);
			defaultConfigurationIsVisible = 0;
			defaultConfigurationName = Release;
		};
		81DABBEC2D37A90600D762CE /* Build configuration list for PBXNativeTarget "MotivAI" */ = {
			isa = XCConfigurationList;
			buildConfigurations = (
				81DABBED2D37A90600D762CE /* Debug */,
				81DABBEE2D37A90600D762CE /* Release */,
			);
			defaultConfigurationIsVisible = 0;
			defaultConfigurationName = Release;
		};
/* End XCConfigurationList section */

/* Begin XCRemoteSwiftPackageReference section */
		813ADE632D3FCF6F0076A9A9 /* XCRemoteSwiftPackageReference "firebase-ios-sdk" */ = {
			isa = XCRemoteSwiftPackageReference;
			repositoryURL = "https://github.com/firebase/firebase-ios-sdk.git";
			requirement = {
				kind = upToNextMajorVersion;
				minimumVersion = 11.7.0;
			};
		};
		813ADEB02D3FDC5D0076A9A9 /* XCRemoteSwiftPackageReference "Superwall-iOS" */ = {
			isa = XCRemoteSwiftPackageReference;
			repositoryURL = "https://github.com/superwall/Superwall-iOS";
			requirement = {
				kind = upToNextMajorVersion;
				minimumVersion = 3.12.2;
			};
		};
		813ADEF92D3FE2610076A9A9 /* XCRemoteSwiftPackageReference "purchases-ios-spm" */ = {
			isa = XCRemoteSwiftPackageReference;
			repositoryURL = "https://github.com/RevenueCat/purchases-ios-spm";
			requirement = {
				kind = upToNextMajorVersion;
				minimumVersion = 5.14.6;
			};
		};
/* End XCRemoteSwiftPackageReference section */

/* Begin XCSwiftPackageProductDependency section */
		813ADE642D3FCF6F0076A9A9 /* FirebaseAnalytics */ = {
			isa = XCSwiftPackageProductDependency;
			package = 813ADE632D3FCF6F0076A9A9 /* XCRemoteSwiftPackageReference "firebase-ios-sdk" */;
			productName = FirebaseAnalytics;
		};
		813ADE662D3FCF6F0076A9A9 /* FirebaseAnalyticsWithoutAdIdSupport */ = {
			isa = XCSwiftPackageProductDependency;
			package = 813ADE632D3FCF6F0076A9A9 /* XCRemoteSwiftPackageReference "firebase-ios-sdk" */;
			productName = FirebaseAnalyticsWithoutAdIdSupport;
		};
		813ADEB12D3FDC5D0076A9A9 /* SuperwallKit */ = {
			isa = XCSwiftPackageProductDependency;
			package = 813ADEB02D3FDC5D0076A9A9 /* XCRemoteSwiftPackageReference "Superwall-iOS" */;
			productName = SuperwallKit;
		};
		813ADEFA2D3FE2610076A9A9 /* RevenueCat */ = {
			isa = XCSwiftPackageProductDependency;
			package = 813ADEF92D3FE2610076A9A9 /* XCRemoteSwiftPackageReference "purchases-ios-spm" */;
			productName = RevenueCat;
		};
		813ADEFC2D3FE2610076A9A9 /* RevenueCatUI */ = {
			isa = XCSwiftPackageProductDependency;
			package = 813ADEF92D3FE2610076A9A9 /* XCRemoteSwiftPackageReference "purchases-ios-spm" */;
			productName = RevenueCatUI;
		};
/* End XCSwiftPackageProductDependency section */
	};
	rootObject = 81DABBD62D37A90400D762CE /* Project object */;
}
